
Microsoft Visual Studio Solution File, Format Version 12.00
# Visual Studio Version 17
VisualStudioVersion = 17.9.34728.123
MinimumVisualStudioVersion = 10.0.40219.1
Project("{FAE04EC0-301F-11D3-BF4B-00C04F79EFBC}") = "Auth0Test", "Auth0Test\Auth0Test.csproj", "{87332297-96F2-4AF6-A0E9-280A616F629A}"
EndProject
Global
	GlobalSection(SolutionConfigurationPlatforms) = preSolution
		Debug|Any CPU = Debug|Any CPU
		Release|Any CPU = Release|Any CPU
	EndGlobalSection
	GlobalSection(ProjectConfigurationPlatforms) = postSolution
		{87332297-96F2-4AF6-A0E9-280A616F629A}.Debug|Any CPU.ActiveCfg = Debug|Any CPU
		{87332297-96F2-4AF6-A0E9-280A616F629A}.Debug|Any CPU.Build.0 = Debug|Any CPU
		{87332297-96F2-4AF6-A0E9-280A616F629A}.Release|Any CPU.ActiveCfg = Release|Any CPU
		{87332297-96F2-4AF6-A0E9-280A616F629A}.Release|Any CPU.Build.0 = Release|Any CPU
	EndGlobalSection
	GlobalSection(SolutionProperties) = preSolution
		HideSolutionNode = FALSE
	EndGlobalSection
	GlobalSection(ExtensibilityGlobals) = postSolution
		SolutionGuid = {9A5916AF-F5E6-4379-9C83-6EC9AFC3CBD8}
	EndGlobalSection
EndGlobal
